<?xml version="1.0" encoding="utf-8"?>
<Project ToolsVersion="4.0" xmlns="http://schemas.microsoft.com/developer/msbuild/2003">
  <ItemGroup>
    <Filter Include="Core">
      <UniqueIdentifier>{2EB4837C-1AEB-840D-C3D7-6A10AFED000F}</UniqueIdentifier>
    </Filter>
  </ItemGroup>
  <ItemGroup>
    <ClInclude Include="src\Core\Application.h">
      <Filter>Core</Filter>
    </ClInclude>
    <ClInclude Include="src\Core\Base.h">
      <Filter>Core</Filter>
    </ClInclude>
    <ClInclude Include="src\Core\Entrypoint.h">
      <Filter>Core</Filter>
    </ClInclude>
    <ClInclude Include="src\nutz_pch.h" />
    <ClInclude Include="src\Core\Layer.h" />
    <ClInclude Include="src\Core\LayerStack.h" />
    <ClInclude Include="src\Nutz.h" />
    <ClInclude Include="src\Core\Window.h" />
    <ClInclude Include="src\Core\Message\MessageQueue.h" />
    <ClInclude Include="src\Core\Message\Message.h" />
    <ClInclude Include="src\Core\Message\Messages.h" />
    <ClInclude Include="src\Core\Message\WindowMessages.h" />
  </ItemGroup>
  <ItemGroup>
    <ClCompile Include="src\Core\Application.cpp">
      <Filter>Core</Filter>
    </ClCompile>
    <ClCompile Include="src\nutz_pch.cpp" />
    <ClCompile Include="src\Core\Layer.cpp" />
    <ClCompile Include="src\Core\LayerStack.cpp" />
    <ClCompile Include="src\Core\Window.cpp" />
    <ClCompile Include="src\Core\Message\MessageQueue.cpp" />
  </ItemGroup>
</Project>